
Microsoft Visual Studio Solution File, Format Version 12.00
# Visual Studio Version 17
VisualStudioVersion = 17.11.35327.3
MinimumVisualStudioVersion = 10.0.40219.1
Project("{2150E333-8FDC-42A3-9474-1A3956D46DE8}") = "Core", "Core", "{6DE3436E-BDE8-45E3-B596-9A8DA4F02532}"
EndProject
Project("{2150E333-8FDC-42A3-9474-1A3956D46DE8}") = "Infra", "Infra", "{74176298-8245-43C1-8792-2E070D50EA6C}"
EndProject
Project("{2150E333-8FDC-42A3-9474-1A3956D46DE8}") = "Presentation", "Presentation", "{8114D1AD-D880-48B9-9E63-27251A2BC801}"
EndProject
Project("{FAE04EC0-301F-11D3-BF4B-00C04F79EFBC}") = "MitroVehicle.Application", "MitroVehicle.Application\MitroVehicle.Application.csproj", "{6ED06BFF-76EE-4F28-8F7C-6B39E958A6EA}"
EndProject
Project("{FAE04EC0-301F-11D3-BF4B-00C04F79EFBC}") = "MitroVehicle.Common", "MitroVehicle.Common\MitroVehicle.Common.csproj", "{D61643B9-D27C-4DEB-AE37-15C384ECFD96}"
EndProject
Project("{FAE04EC0-301F-11D3-BF4B-00C04F79EFBC}") = "MitroVehicle.Domain", "MitroVehicle.Domain\MitroVehicle.Domain.csproj", "{4DA2247F-A600-40B9-808F-EC8395B8B993}"
EndProject
Project("{FAE04EC0-301F-11D3-BF4B-00C04F79EFBC}") = "MitroVehicle.Persistence", "MitroVehicle.Persistence\MitroVehicle.Persistence.csproj", "{BC51826D-2E13-404E-8C40-1BA4E2A669BF}"
EndProject
Project("{FAE04EC0-301F-11D3-BF4B-00C04F79EFBC}") = "MitroVehicle.Persistence.Migration", "MitroVehicle.Persistence.Migration\MitroVehicle.Persistence.Migration.csproj", "{E4952F89-2B39-468B-B556-66027C23123B}"
EndProject
Project("{FAE04EC0-301F-11D3-BF4B-00C04F79EFBC}") = "MitroVehicle.Internal.API", "MitroVehicle.Internal.API\MitroVehicle.Internal.API.csproj", "{F51A9339-B98C-4CD8-986E-F9C90E29272B}"
EndProject
Project("{2150E333-8FDC-42A3-9474-1A3956D46DE8}") = "Itens de Solução", "Itens de Solução", "{380A7511-A354-6D7A-0CC0-8FA1F1BA7B6C}"
	ProjectSection(SolutionItems) = preProject
		docker-compose.yml = docker-compose.yml
	EndProjectSection
EndProject
Project("{2150E333-8FDC-42A3-9474-1A3956D46DE8}") = "Services", "Services", "{02EA681E-C7D8-13C7-8484-4AC65E1B71E8}"
EndProject
Project("{FAE04EC0-301F-11D3-BF4B-00C04F79EFBC}") = "MitroVehicle.UpdateStatusLocation", "MitroVehicle.Worker\MitroVehicle.UpdateStatusLocation.csproj", "{A7B04AE4-981A-45EA-9DB9-A311AA5FBD03}"
EndProject
Global
	GlobalSection(SolutionConfigurationPlatforms) = preSolution
		Debug|Any CPU = Debug|Any CPU
		Release|Any CPU = Release|Any CPU
	EndGlobalSection
	GlobalSection(ProjectConfigurationPlatforms) = postSolution
		{6ED06BFF-76EE-4F28-8F7C-6B39E958A6EA}.Debug|Any CPU.ActiveCfg = Debug|Any CPU
		{6ED06BFF-76EE-4F28-8F7C-6B39E958A6EA}.Debug|Any CPU.Build.0 = Debug|Any CPU
		{6ED06BFF-76EE-4F28-8F7C-6B39E958A6EA}.Release|Any CPU.ActiveCfg = Release|Any CPU
		{6ED06BFF-76EE-4F28-8F7C-6B39E958A6EA}.Release|Any CPU.Build.0 = Release|Any CPU
		{D61643B9-D27C-4DEB-AE37-15C384ECFD96}.Debug|Any CPU.ActiveCfg = Debug|Any CPU
		{D61643B9-D27C-4DEB-AE37-15C384ECFD96}.Debug|Any CPU.Build.0 = Debug|Any CPU
		{D61643B9-D27C-4DEB-AE37-15C384ECFD96}.Release|Any CPU.ActiveCfg = Release|Any CPU
		{D61643B9-D27C-4DEB-AE37-15C384ECFD96}.Release|Any CPU.Build.0 = Release|Any CPU
		{4DA2247F-A600-40B9-808F-EC8395B8B993}.Debug|Any CPU.ActiveCfg = Debug|Any CPU
		{4DA2247F-A600-40B9-808F-EC8395B8B993}.Debug|Any CPU.Build.0 = Debug|Any CPU
		{4DA2247F-A600-40B9-808F-EC8395B8B993}.Release|Any CPU.ActiveCfg = Release|Any CPU
		{4DA2247F-A600-40B9-808F-EC8395B8B993}.Release|Any CPU.Build.0 = Release|Any CPU
		{BC51826D-2E13-404E-8C40-1BA4E2A669BF}.Debug|Any CPU.ActiveCfg = Debug|Any CPU
		{BC51826D-2E13-404E-8C40-1BA4E2A669BF}.Debug|Any CPU.Build.0 = Debug|Any CPU
		{BC51826D-2E13-404E-8C40-1BA4E2A669BF}.Release|Any CPU.ActiveCfg = Release|Any CPU
		{BC51826D-2E13-404E-8C40-1BA4E2A669BF}.Release|Any CPU.Build.0 = Release|Any CPU
		{E4952F89-2B39-468B-B556-66027C23123B}.Debug|Any CPU.ActiveCfg = Debug|Any CPU
		{E4952F89-2B39-468B-B556-66027C23123B}.Debug|Any CPU.Build.0 = Debug|Any CPU
		{E4952F89-2B39-468B-B556-66027C23123B}.Release|Any CPU.ActiveCfg = Release|Any CPU
		{E4952F89-2B39-468B-B556-66027C23123B}.Release|Any CPU.Build.0 = Release|Any CPU
		{F51A9339-B98C-4CD8-986E-F9C90E29272B}.Debug|Any CPU.ActiveCfg = Debug|Any CPU
		{F51A9339-B98C-4CD8-986E-F9C90E29272B}.Debug|Any CPU.Build.0 = Debug|Any CPU
		{F51A9339-B98C-4CD8-986E-F9C90E29272B}.Release|Any CPU.ActiveCfg = Release|Any CPU
		{F51A9339-B98C-4CD8-986E-F9C90E29272B}.Release|Any CPU.Build.0 = Release|Any CPU
		{A7B04AE4-981A-45EA-9DB9-A311AA5FBD03}.Debug|Any CPU.ActiveCfg = Debug|Any CPU
		{A7B04AE4-981A-45EA-9DB9-A311AA5FBD03}.Debug|Any CPU.Build.0 = Debug|Any CPU
		{A7B04AE4-981A-45EA-9DB9-A311AA5FBD03}.Release|Any CPU.ActiveCfg = Release|Any CPU
		{A7B04AE4-981A-45EA-9DB9-A311AA5FBD03}.Release|Any CPU.Build.0 = Release|Any CPU
	EndGlobalSection
	GlobalSection(SolutionProperties) = preSolution
		HideSolutionNode = FALSE
	EndGlobalSection
	GlobalSection(NestedProjects) = preSolution
		{6ED06BFF-76EE-4F28-8F7C-6B39E958A6EA} = {6DE3436E-BDE8-45E3-B596-9A8DA4F02532}
		{D61643B9-D27C-4DEB-AE37-15C384ECFD96} = {6DE3436E-BDE8-45E3-B596-9A8DA4F02532}
		{4DA2247F-A600-40B9-808F-EC8395B8B993} = {6DE3436E-BDE8-45E3-B596-9A8DA4F02532}
		{BC51826D-2E13-404E-8C40-1BA4E2A669BF} = {74176298-8245-43C1-8792-2E070D50EA6C}
		{E4952F89-2B39-468B-B556-66027C23123B} = {74176298-8245-43C1-8792-2E070D50EA6C}
		{F51A9339-B98C-4CD8-986E-F9C90E29272B} = {8114D1AD-D880-48B9-9E63-27251A2BC801}
		{A7B04AE4-981A-45EA-9DB9-A311AA5FBD03} = {02EA681E-C7D8-13C7-8484-4AC65E1B71E8}
	EndGlobalSection
	GlobalSection(ExtensibilityGlobals) = postSolution
		SolutionGuid = {84E89C7D-ECD1-4B62-BAC4-7FBCEB13FFA5}
	EndGlobalSection
EndGlobal
